
Microsoft Visual Studio Solution File, Format Version 12.00
# Visual Studio Version 16
VisualStudioVersion = 16.0.31515.178
MinimumVisualStudioVersion = 10.0.40219.1
Project("{9A19103F-16F7-4668-BE54-9A1E7A4F7556}") = "ApiRestEstudiantes", "APIRestEstudiante\sApiRestEstudiantes.csproj", "{DA892F25-5BB3-4EF3-8AA3-93BF07575C39}"
EndProject
Project("{FAE04EC0-301F-11D3-BF4B-00C04F79EFBC}") = "EstudiantesCRUD", "EstudiantesCRUD\EstudiantesCRUD.csproj", "{328DF9BA-14E1-4798-910D-188EC7E43287}"
EndProject
Global
	GlobalSection(SolutionConfigurationPlatforms) = preSolution
		Debug|Any CPU = Debug|Any CPU
		Release|Any CPU = Release|Any CPU
	EndGlobalSection
	GlobalSection(ProjectConfigurationPlatforms) = postSolution
		{DA892F25-5BB3-4EF3-8AA3-93BF07575C39}.Debug|Any CPU.ActiveCfg = Debug|Any CPU
		{DA892F25-5BB3-4EF3-8AA3-93BF07575C39}.Debug|Any CPU.Build.0 = Debug|Any CPU
		{DA892F25-5BB3-4EF3-8AA3-93BF07575C39}.Release|Any CPU.ActiveCfg = Release|Any CPU
		{DA892F25-5BB3-4EF3-8AA3-93BF07575C39}.Release|Any CPU.Build.0 = Release|Any CPU
		{328DF9BA-14E1-4798-910D-188EC7E43287}.Debug|Any CPU.ActiveCfg = Debug|Any CPU
		{328DF9BA-14E1-4798-910D-188EC7E43287}.Debug|Any CPU.Build.0 = Debug|Any CPU
		{328DF9BA-14E1-4798-910D-188EC7E43287}.Release|Any CPU.ActiveCfg = Release|Any CPU
		{328DF9BA-14E1-4798-910D-188EC7E43287}.Release|Any CPU.Build.0 = Release|Any CPU
	EndGlobalSection
	GlobalSection(SolutionProperties) = preSolution
		HideSolutionNode = FALSE
	EndGlobalSection
	GlobalSection(ExtensibilityGlobals) = postSolution
		SolutionGuid = {37D777A6-C82D-4CEA-B293-47C44C6565BC}
	EndGlobalSection
EndGlobal
